
Microsoft Visual Studio Solution File, Format Version 12.00
# Visual Studio 15
Project("{FAE04EC0-301F-11D3-BF4B-00C04F79EFBC}") = "HomeDirectAPI", "HomeDirectAPI\HomeDirectAPI.csproj", "{57B2F09E-6BEA-4F96-9800-95E590D2EFAF}"
EndProject
Global
	GlobalSection(SolutionConfigurationPlatforms) = preSolution
		Debug|Any CPU = Debug|Any CPU
		Release|Any CPU = Release|Any CPU
	EndGlobalSection
	GlobalSection(ProjectConfigurationPlatforms) = postSolution
		{57B2F09E-6BEA-4F96-9800-95E590D2EFAF}.Debug|Any CPU.ActiveCfg = Debug|Any CPU
		{57B2F09E-6BEA-4F96-9800-95E590D2EFAF}.Debug|Any CPU.Build.0 = Debug|Any CPU
		{57B2F09E-6BEA-4F96-9800-95E590D2EFAF}.Release|Any CPU.ActiveCfg = Release|Any CPU
		{57B2F09E-6BEA-4F96-9800-95E590D2EFAF}.Release|Any CPU.Build.0 = Release|Any CPU
	EndGlobalSection
EndGlobal
